
Microsoft Visual Studio Solution File, Format Version 12.00
# Visual Studio Version 16
VisualStudioVersion = 16.0.30804.86
MinimumVisualStudioVersion = 10.0.40219.1
Project("{FAE04EC0-301F-11D3-BF4B-00C04F79EFBC}") = "Progress_Bar", "Progress_Bar.csproj", "{623141E9-6DBD-4264-A2F2-B6B98050869B}"
EndProject
Global
	GlobalSection(SolutionConfigurationPlatforms) = preSolution
		Debug|Any CPU = Debug|Any CPU
		Release|Any CPU = Release|Any CPU
	EndGlobalSection
	GlobalSection(ProjectConfigurationPlatforms) = postSolution
		{623141E9-6DBD-4264-A2F2-B6B98050869B}.Debug|Any CPU.ActiveCfg = Debug|Any CPU
		{623141E9-6DBD-4264-A2F2-B6B98050869B}.Debug|Any CPU.Build.0 = Debug|Any CPU
		{623141E9-6DBD-4264-A2F2-B6B98050869B}.Release|Any CPU.ActiveCfg = Release|Any CPU
		{623141E9-6DBD-4264-A2F2-B6B98050869B}.Release|Any CPU.Build.0 = Release|Any CPU
	EndGlobalSection
	GlobalSection(SolutionProperties) = preSolution
		HideSolutionNode = FALSE
	EndGlobalSection
	GlobalSection(ExtensibilityGlobals) = postSolution
		SolutionGuid = {2EDA1D6D-B015-4A83-AB6B-C0E6CD412BBB}
	EndGlobalSection
EndGlobal
